{
  "name": "kk-SmartRegister",
  "version": "1.0.0",
  "lockfileVersion": 1,
  "requires": true,
  "dependencies": {
    "@polymer/app-layout": {
      "version": "3.0.0-pre.25",
      "resolved": "https://registry.npmjs.org/@polymer/app-layout/-/app-layout-3.0.0-pre.25.tgz",
      "integrity": "sha512-ylCBk3yNvzfIDm7LZxdSc8SCTzPkcrNxMib2QwfY5iWMJtjyS4aDUAnbfkHQ4ry5VTqJJ3b6s+/Gqh7BfwqClA==",
      "requires": {
        "@polymer/iron-flex-layout": "3.0.0-pre.25",
        "@polymer/iron-media-query": "3.0.0-pre.25",
        "@polymer/iron-resizable-behavior": "3.0.0-pre.25",
        "@polymer/iron-scroll-target-behavior": "3.0.0-pre.25",
        "@polymer/polymer": "3.0.5"
      }
    },
    "@polymer/font-roboto": {
      "version": "3.0.1",
      "resolved": "https://registry.npmjs.org/@polymer/font-roboto/-/font-roboto-3.0.1.tgz",
      "integrity": "sha512-vNVKKaDBggg1lqJh3q8Yiylxe2UkQnxWd97/HpcalNyKdMtmqwINWd0FLggdlBVlPceZJc2egzdkmn5blvp89w=="
    },
    "@polymer/iron-a11y-announcer": {
      "version": "3.0.0-pre.25",
      "resolved": "https://registry.npmjs.org/@polymer/iron-a11y-announcer/-/iron-a11y-announcer-3.0.0-pre.25.tgz",
      "integrity": "sha512-wtp0pAUbtAAidLD3Skchr9KG3X6lNkpsEoMsrqc8bNNm5zcHzcQ6wzxtskNhuAwgyjDbBEM+DANmNtj/Jl9Z8A==",
      "requires": {
        "@polymer/polymer": "3.0.5"
      }
    },
    "@polymer/iron-a11y-keys-behavior": {
      "version": "3.0.0-pre.25",
      "resolved": "https://registry.npmjs.org/@polymer/iron-a11y-keys-behavior/-/iron-a11y-keys-behavior-3.0.0-pre.25.tgz",
      "integrity": "sha512-nLEu/Mr0nHI9QosG6k75TyScQVUnuwEn6hFBubFravU0QQ8o2+TTwvK5XAVlW2fcNieEvmgC8EhI6FZJCUsCig==",
      "requires": {
        "@polymer/polymer": "3.0.5"
      }
    },
    "@polymer/iron-autogrow-textarea": {
      "version": "3.0.0-pre.25",
      "resolved": "https://registry.npmjs.org/@polymer/iron-autogrow-textarea/-/iron-autogrow-textarea-3.0.0-pre.25.tgz",
      "integrity": "sha512-FC2jPZgVAxKxUFfnEhMhqENmXTxbMNBMw52Kw0Kbd8EUOEmG+9u+BqNSvYryNKjUzxqL0mj/iFjnuBcdz+d8pA==",
      "requires": {
        "@polymer/iron-behaviors": "3.0.0-pre.25",
        "@polymer/iron-flex-layout": "3.0.0-pre.25",
        "@polymer/iron-validatable-behavior": "3.0.0-pre.25",
        "@polymer/polymer": "3.0.5"
      }
    },
    "@polymer/iron-behaviors": {
      "version": "3.0.0-pre.25",
      "resolved": "https://registry.npmjs.org/@polymer/iron-behaviors/-/iron-behaviors-3.0.0-pre.25.tgz",
      "integrity": "sha512-+oo+Ac+NiSi5SwiyqrTPzwXG15nJkHtjhDwI8cOw61AkkH7sjcytTAyrgrXD/ePsd7+TvWGM6yQfcLH5YhQe5A==",
      "requires": {
        "@polymer/iron-a11y-keys-behavior": "3.0.0-pre.25",
        "@polymer/polymer": "3.0.5"
      }
    },
    "@polymer/iron-checked-element-behavior": {
      "version": "3.0.0-pre.25",
      "resolved": "https://registry.npmjs.org/@polymer/iron-checked-element-behavior/-/iron-checked-element-behavior-3.0.0-pre.25.tgz",
      "integrity": "sha512-BBIITYvJKHbWFpwNFzJNLi+smtb3t+iRiExsu72SnpphHpZqoU0Gao6KUXH74Din6ddKoiNhzwr5j7ihv1XIbw==",
      "requires": {
        "@polymer/iron-form-element-behavior": "3.0.0-pre.25",
        "@polymer/iron-validatable-behavior": "3.0.0-pre.25",
        "@polymer/polymer": "3.0.5"
      }
    },
    "@polymer/iron-fit-behavior": {
      "version": "3.0.0-pre.25",
      "resolved": "https://registry.npmjs.org/@polymer/iron-fit-behavior/-/iron-fit-behavior-3.0.0-pre.25.tgz",
      "integrity": "sha512-9zbkliuMDfTMaShhU/Z/aLn+aSfwKePJq5gH2LlS67JeiyOspsk71wpvmNoXz2apFjH23TiNw79TKE4SAVJ4CA==",
      "requires": {
        "@polymer/polymer": "3.0.5"
      }
    },
    "@polymer/iron-flex-layout": {
      "version": "3.0.0-pre.25",
      "resolved": "https://registry.npmjs.org/@polymer/iron-flex-layout/-/iron-flex-layout-3.0.0-pre.25.tgz",
      "integrity": "sha512-ykYxrF6UlnWP0jcbXV51BG3Ts6XD6BWg7HOzkt60YWNkB69QUf3grESUkfT/SERj7WySlGom4no/tdpOPRtwAw==",
      "requires": {
        "@polymer/polymer": "3.0.5"
      }
    },
    "@polymer/iron-form-element-behavior": {
      "version": "3.0.0-pre.25",
      "resolved": "https://registry.npmjs.org/@polymer/iron-form-element-behavior/-/iron-form-element-behavior-3.0.0-pre.25.tgz",
      "integrity": "sha512-YBbURxfnKYbDhqvhMc5P9arv0NI8nQkpj+Vg8yCJ/dwXTeKv2Olxl5/+CaslsaGsOKWQl1o4iITRwcF5cwQ6aQ==",
      "requires": {
        "@polymer/polymer": "3.0.5"
      }
    },
    "@polymer/iron-icon": {
      "version": "3.0.0-pre.25",
      "resolved": "https://registry.npmjs.org/@polymer/iron-icon/-/iron-icon-3.0.0-pre.25.tgz",
      "integrity": "sha512-qPN74NM/EA0+yh0m2QgxI7tUXq9Lg6xdPLbEu3KBiNdOod/36o/MJp0uHSN77D15S4zPD4oWB065w8h94j4RPg==",
      "requires": {
        "@polymer/iron-flex-layout": "3.0.0-pre.25",
        "@polymer/iron-meta": "3.0.0-pre.25",
        "@polymer/polymer": "3.0.5"
      }
    },
    "@polymer/iron-icons": {
      "version": "3.0.0-pre.25",
      "resolved": "https://registry.npmjs.org/@polymer/iron-icons/-/iron-icons-3.0.0-pre.25.tgz",
      "integrity": "sha512-1NuyHfRcefraTz0cf7AsY4HMhcf/t1AABTCVIg1UMmORpooWdFuxGPl4uViRQf/pBIzh25Tgj1WbwtvuEj/a8g==",
      "requires": {
        "@polymer/iron-icon": "3.0.0-pre.25",
        "@polymer/iron-iconset-svg": "3.0.0-pre.25",
        "@polymer/polymer": "3.0.5"
      }
    },
    "@polymer/iron-iconset-svg": {
      "version": "3.0.0-pre.25",
      "resolved": "https://registry.npmjs.org/@polymer/iron-iconset-svg/-/iron-iconset-svg-3.0.0-pre.25.tgz",
      "integrity": "sha512-VFttgxS07p1Qxb4xhxA5hFNYkWzy2FAE2TFjakEJ/bKgJwOVgZ4oMkk9e0+6xkb/xWiHS4FuGpoTbS4PRhtQZQ==",
      "requires": {
        "@polymer/iron-meta": "3.0.0-pre.25",
        "@polymer/polymer": "3.0.5"
      }
    },
    "@polymer/iron-input": {
      "version": "3.0.0-pre.25",
      "resolved": "https://registry.npmjs.org/@polymer/iron-input/-/iron-input-3.0.0-pre.25.tgz",
      "integrity": "sha512-ShAX1CQjm/w86TXPEcqoHUXCeok2cuFqFPyLDDRH9PxvnMs30GOjqRlbyB0nsfaWXBDg43GWcA7aTQTVITkY+Q==",
      "requires": {
        "@polymer/iron-a11y-announcer": "3.0.0-pre.25",
        "@polymer/iron-validatable-behavior": "3.0.0-pre.25",
        "@polymer/polymer": "3.0.5"
      }
    },
    "@polymer/iron-list": {
      "version": "3.0.0-pre.25",
      "resolved": "https://registry.npmjs.org/@polymer/iron-list/-/iron-list-3.0.0-pre.25.tgz",
      "integrity": "sha512-uz7fts3I40xJHxoIBmwZbN8qEyzHq2O/77ekvgJ+qhi8E5FSCGC3D1+YQw3mZeDXe1M3KqPBCu4AE3NYOG06vg==",
      "requires": {
        "@polymer/iron-a11y-keys-behavior": "3.0.0-pre.25",
        "@polymer/iron-resizable-behavior": "3.0.0-pre.25",
        "@polymer/iron-scroll-target-behavior": "3.0.0-pre.25",
        "@polymer/polymer": "3.0.5"
      }
    },
    "@polymer/iron-media-query": {
      "version": "3.0.0-pre.25",
      "resolved": "https://registry.npmjs.org/@polymer/iron-media-query/-/iron-media-query-3.0.0-pre.25.tgz",
      "integrity": "sha512-pC90SR3wZoLXESvJWn827dWby8aVpwt5CJad8ehb9CEtcW7Y/lS1zut4v2f7e2nxqOqJp7UAmCgtFh69GE4n4A==",
      "requires": {
        "@polymer/polymer": "3.0.5"
      }
    },
    "@polymer/iron-meta": {
      "version": "3.0.0-pre.25",
      "resolved": "https://registry.npmjs.org/@polymer/iron-meta/-/iron-meta-3.0.0-pre.25.tgz",
      "integrity": "sha512-Pot2n+3fINPAS97erAwg1Ps0CRISomGQQZvJeuqeUjgdrdfKuDaWnGdASY6ndmdcEgcwaSJfJrBpTUCBIZmtJw==",
      "requires": {
        "@polymer/polymer": "3.0.5"
      }
    },
    "@polymer/iron-overlay-behavior": {
      "version": "3.0.0-pre.26",
      "resolved": "https://registry.npmjs.org/@polymer/iron-overlay-behavior/-/iron-overlay-behavior-3.0.0-pre.26.tgz",
      "integrity": "sha512-SJDgsz3gQfkdZAaa9sH4Sd9rSAyKN6s1Ndjkf3N/X6h2gj9sbrVbM+v83TLI2I0bv/bvSR3V0+5+T0w2Z2+Wfg==",
      "requires": {
        "@polymer/iron-a11y-keys-behavior": "3.0.0-pre.25",
        "@polymer/iron-fit-behavior": "3.0.0-pre.25",
        "@polymer/iron-resizable-behavior": "3.0.0-pre.25",
        "@polymer/polymer": "3.0.5"
      }
    },
    "@polymer/iron-range-behavior": {
      "version": "3.0.0-pre.25",
      "resolved": "https://registry.npmjs.org/@polymer/iron-range-behavior/-/iron-range-behavior-3.0.0-pre.25.tgz",
      "integrity": "sha512-pfopaf4kRmd4y8eToaLEXkR9Ed9aZFxeY6ob8mw1xz3pkj9U3oOE+6jLNK6sVt/B62rl1PqLhKILXiBi+ZUfHQ==",
      "requires": {
        "@polymer/polymer": "3.0.5"
      }
    },
    "@polymer/iron-resizable-behavior": {
      "version": "3.0.0-pre.25",
      "resolved": "https://registry.npmjs.org/@polymer/iron-resizable-behavior/-/iron-resizable-behavior-3.0.0-pre.25.tgz",
      "integrity": "sha512-6C9s5pkjNpTekJFEu/cbEpftC12080ncMekAhIYzbDDa56VVDxWqH2f5M3l2XM55fWkMlfUh3JCiPwlxO4vDCw==",
      "requires": {
        "@polymer/polymer": "3.0.5"
      }
    },
    "@polymer/iron-scroll-target-behavior": {
      "version": "3.0.0-pre.25",
      "resolved": "https://registry.npmjs.org/@polymer/iron-scroll-target-behavior/-/iron-scroll-target-behavior-3.0.0-pre.25.tgz",
      "integrity": "sha512-2w7ZxBnRpHuZ/p+Zj4p3u8j49/SLBZJ6kc+LAtabjgA+yqd81kaF+tIVxZLIwRtkmeqQSNUbqpAVzMIqWcuAmg==",
      "requires": {
        "@polymer/polymer": "3.0.5"
      }
    },
    "@polymer/iron-selector": {
      "version": "3.0.0-pre.25",
      "resolved": "https://registry.npmjs.org/@polymer/iron-selector/-/iron-selector-3.0.0-pre.25.tgz",
      "integrity": "sha512-EWysNFBT0d+5YzX/tF7KShdqnccDJCnuCnY33egfY/Y7zq2/qXg6jU1M9NTRn48eb/P3ZkzrEMlbodd54rDBXQ==",
      "requires": {
        "@polymer/polymer": "3.0.5"
      }
    },
    "@polymer/iron-validatable-behavior": {
      "version": "3.0.0-pre.25",
      "resolved": "https://registry.npmjs.org/@polymer/iron-validatable-behavior/-/iron-validatable-behavior-3.0.0-pre.25.tgz",
      "integrity": "sha512-xTUUYkQy4D5zoIm9IurtCAMJrew2Atubu87XNwZzySBjrcMHSxU98VtItpCYfWsFlld8Kqk2AQ2EUONo3TLAdw==",
      "requires": {
        "@polymer/iron-meta": "3.0.0-pre.25",
        "@polymer/polymer": "3.0.5"
      }
    },
    "@polymer/lit-element": {
      "version": "0.5.2",
      "resolved": "https://registry.npmjs.org/@polymer/lit-element/-/lit-element-0.5.2.tgz",
      "integrity": "sha512-7v/UlqVO05YuFCxxtC7jpuMQuDiPxArO7gACHqZ3uFd9/BM9YTdktX3bKRTnKTFUaPuNWWoPGvpAe2WOQCH2Pw==",
      "requires": {
        "@polymer/polymer": "3.0.5",
        "lit-html": "0.10.2"
      }
    },
    "@polymer/paper-behaviors": {
      "version": "3.0.0-pre.26",
      "resolved": "https://registry.npmjs.org/@polymer/paper-behaviors/-/paper-behaviors-3.0.0-pre.26.tgz",
      "integrity": "sha512-qp7Anu8kE8qoXhvGmWk/Su91b6fgyz2Us2UrrYPZGzldzispt52YjV/5UnGpHffhTfosxvBNPhNWzC2OcpLciQ==",
      "requires": {
        "@polymer/iron-behaviors": "3.0.0-pre.25",
        "@polymer/iron-checked-element-behavior": "3.0.0-pre.25",
        "@polymer/paper-ripple": "3.0.0-pre.25",
        "@polymer/polymer": "3.0.5"
      }
    },
    "@polymer/paper-icon-button": {
      "version": "3.0.0-pre.25",
      "resolved": "https://registry.npmjs.org/@polymer/paper-icon-button/-/paper-icon-button-3.0.0-pre.25.tgz",
      "integrity": "sha512-fC+BLKb9BHuuHzGU3nGSoOrYSIidQrMp0FhaBYyWmU14fxB8c/1VE9uoIV4gP+vxCi/R4rDIKoNWSlKG1t1nfg==",
      "requires": {
        "@polymer/iron-icon": "3.0.0-pre.25",
        "@polymer/paper-behaviors": "3.0.0-pre.26",
        "@polymer/paper-styles": "3.0.0-pre.25",
        "@polymer/polymer": "3.0.5"
      }
    },
    "@polymer/paper-input": {
      "version": "3.0.0-pre.25",
      "resolved": "https://registry.npmjs.org/@polymer/paper-input/-/paper-input-3.0.0-pre.25.tgz",
      "integrity": "sha512-y4mBehkXzeSh+Vw/fjnNAVyOau/7QqqH+6fwwzFnr0PuFt1o4jcfanYSDCKn+exgYERlR7M5df1Zb2KrcXw62w==",
      "requires": {
        "@polymer/iron-a11y-keys-behavior": "3.0.0-pre.25",
        "@polymer/iron-autogrow-textarea": "3.0.0-pre.25",
        "@polymer/iron-behaviors": "3.0.0-pre.25",
        "@polymer/iron-form-element-behavior": "3.0.0-pre.25",
        "@polymer/iron-input": "3.0.0-pre.25",
        "@polymer/paper-styles": "3.0.0-pre.25",
        "@polymer/polymer": "3.0.5"
      }
    },
    "@polymer/paper-item": {
      "version": "3.0.0-pre.25",
      "resolved": "https://registry.npmjs.org/@polymer/paper-item/-/paper-item-3.0.0-pre.25.tgz",
      "integrity": "sha512-5Lv8gs9oJtcg+me3lxJIIyEFRBMPN91lCT439jrg9NB/iTMDLEGnwpExqkBXEe+MXFco62ZYYyD/NyWSxePR+w==",
      "requires": {
        "@polymer/iron-behaviors": "3.0.0-pre.25",
        "@polymer/iron-flex-layout": "3.0.0-pre.25",
        "@polymer/paper-styles": "3.0.0-pre.25",
        "@polymer/polymer": "3.0.5"
      }
    },
    "@polymer/paper-progress": {
      "version": "3.0.0-pre.25",
      "resolved": "https://registry.npmjs.org/@polymer/paper-progress/-/paper-progress-3.0.0-pre.25.tgz",
      "integrity": "sha512-ZRGSaUU3VTJkq7nxOs0mF7/9Xx5mChXvW4BqG8kXpiJpEGPyO8wp1Ktqltr8bOaG6ECGmQ8qbBFADNC5xAcp9Q==",
      "requires": {
        "@polymer/iron-flex-layout": "3.0.0-pre.25",
        "@polymer/iron-range-behavior": "3.0.0-pre.25",
        "@polymer/paper-styles": "3.0.0-pre.25",
        "@polymer/polymer": "3.0.5"
      }
    },
    "@polymer/paper-ripple": {
      "version": "3.0.0-pre.25",
      "resolved": "https://registry.npmjs.org/@polymer/paper-ripple/-/paper-ripple-3.0.0-pre.25.tgz",
      "integrity": "sha512-Scjqdzgsx5giEL7BgOLi0TclVjZjqbxPKmzjCbb58WeMI3hqWtR/AchTu4a94M9BuxYJkq4QQNp9lKInyqqKQg==",
      "requires": {
        "@polymer/iron-a11y-keys-behavior": "3.0.0-pre.25",
        "@polymer/polymer": "3.0.5"
      }
    },
    "@polymer/paper-styles": {
      "version": "3.0.0-pre.25",
      "resolved": "https://registry.npmjs.org/@polymer/paper-styles/-/paper-styles-3.0.0-pre.25.tgz",
      "integrity": "sha512-WgbPo5K6GINEJsWwwothtNJbcj9S/B1t8GmzBxBZ6fMwLK9CbxNn4nAgkwgT1VOc1MspcXz4sOoOtCLeu5a8tw==",
      "requires": {
        "@polymer/font-roboto": "3.0.1",
        "@polymer/iron-flex-layout": "3.0.0-pre.25",
        "@polymer/polymer": "3.0.5"
      }
    },
    "@polymer/paper-toggle-button": {
      "version": "3.0.0-pre.25",
      "resolved": "https://registry.npmjs.org/@polymer/paper-toggle-button/-/paper-toggle-button-3.0.0-pre.25.tgz",
      "integrity": "sha512-aUdRFp1wl8gjTBecVWDsZSPWRmsf8RLWnvfFVP3MdUk3bU3HEIYDXVrhUYsUfRqNZHmS0hPL+nktDZCuO2Q7nQ==",
      "requires": {
        "@polymer/iron-checked-element-behavior": "3.0.0-pre.25",
        "@polymer/paper-behaviors": "3.0.0-pre.26",
        "@polymer/paper-styles": "3.0.0-pre.25",
        "@polymer/polymer": "3.0.5"
      }
    },
    "@polymer/polymer": {
      "version": "3.0.5",
      "resolved": "https://registry.npmjs.org/@polymer/polymer/-/polymer-3.0.5.tgz",
      "integrity": "sha512-Zbmhtr5vZ3NoHWwFYLKI4ff7yfE6DZopI8vaS7HvmUIuNqsv/EpEDXfNEYjqePQmkMX5LU9OIKV1eX/+9aveow==",
      "requires": {
        "@webcomponents/shadycss": "1.5.0"
      }
    },
    "@vaadin/vaadin-button": {
      "version": "2.1.0",
      "resolved": "https://registry.npmjs.org/@vaadin/vaadin-button/-/vaadin-button-2.1.0.tgz",
      "integrity": "sha512-NdMcUa02UViO02hCC8t1wH3ekaVgkxwkaW11+Mf9vlpQzzlFI/nDE4ueSdhfAY3iDGbDhbTVRPES8Sl9Xu4qgA==",
      "requires": {
        "@polymer/polymer": "3.0.5",
        "@vaadin/vaadin-control-state-mixin": "2.1.1",
        "@vaadin/vaadin-element-mixin": "2.1.2",
        "@vaadin/vaadin-lumo-styles": "1.2.0",
        "@vaadin/vaadin-material-styles": "1.2.0",
        "@vaadin/vaadin-themable-mixin": "1.3.2"
      }
    },
    "@vaadin/vaadin-checkbox": {
      "version": "2.2.1",
      "resolved": "https://registry.npmjs.org/@vaadin/vaadin-checkbox/-/vaadin-checkbox-2.2.1.tgz",
      "integrity": "sha512-6xWaFY6pINdCK1bM3Kpn1NbEE/rlbgSMEE4rHd3Hf0uowjJa6caGECEK0GoG2a756rWQOX7JiwtjtF4IgHcR+A==",
      "requires": {
        "@polymer/polymer": "3.0.5",
        "@vaadin/vaadin-control-state-mixin": "2.1.1",
        "@vaadin/vaadin-element-mixin": "2.1.2",
        "@vaadin/vaadin-lumo-styles": "1.2.0",
        "@vaadin/vaadin-material-styles": "1.2.0",
        "@vaadin/vaadin-themable-mixin": "1.3.2"
      }
    },
    "@vaadin/vaadin-combo-box": {
      "version": "4.1.0",
      "resolved": "https://registry.npmjs.org/@vaadin/vaadin-combo-box/-/vaadin-combo-box-4.1.0.tgz",
      "integrity": "sha512-l3rru+fdWoIFk97rKcQ4WAKFowaFaisVBGp8ChcboTvSWbRrxIw7mBkyyXdRqiPlCns/TbTqr69kri75QAHEVA==",
      "requires": {
        "@polymer/iron-a11y-announcer": "3.0.0-pre.25",
        "@polymer/iron-a11y-keys-behavior": "3.0.0-pre.25",
        "@polymer/iron-list": "3.0.0-pre.25",
        "@polymer/iron-resizable-behavior": "3.0.0-pre.25",
        "@polymer/polymer": "3.0.5",
        "@vaadin/vaadin-control-state-mixin": "2.1.1",
        "@vaadin/vaadin-element-mixin": "2.1.2",
        "@vaadin/vaadin-item": "2.1.0",
        "@vaadin/vaadin-lumo-styles": "1.2.0",
        "@vaadin/vaadin-material-styles": "1.2.0",
        "@vaadin/vaadin-overlay": "3.1.1",
        "@vaadin/vaadin-text-field": "2.1.2",
        "@vaadin/vaadin-themable-mixin": "1.3.2"
      }
    },
    "@vaadin/vaadin-confirm-dialog": {
      "version": "github:vaadin/vaadin-confirm-dialog#efe8b1cf8967cb20c38bcf2ee0ae43221de249c6"
    },
    "@vaadin/vaadin-control-state-mixin": {
      "version": "2.1.1",
      "resolved": "https://registry.npmjs.org/@vaadin/vaadin-control-state-mixin/-/vaadin-control-state-mixin-2.1.1.tgz",
      "integrity": "sha512-YYhDdEdnFQOAoLY4SVJB5eUZHGAw/YTIeEEql6lHLlENDYuJ7eaniNhL5mIuQTf/uqSauTl1c1S/IJl3D8zGPw==",
      "requires": {
        "@polymer/polymer": "3.0.5"
      }
    },
    "@vaadin/vaadin-development-mode-detector": {
      "version": "2.0.0",
      "resolved": "https://registry.npmjs.org/@vaadin/vaadin-development-mode-detector/-/vaadin-development-mode-detector-2.0.0.tgz",
      "integrity": "sha512-pzSaUqn+lJbTL2ZC6NCAfhyMymMYg2p4DzeUXdyInJISwSWmgh9RlRVpAGhi6MIUOKC7kGeKPAiB4vyWsEhzDg=="
    },
    "@vaadin/vaadin-dialog": {
      "version": "2.1.0",
      "resolved": "https://registry.npmjs.org/@vaadin/vaadin-dialog/-/vaadin-dialog-2.1.0.tgz",
      "integrity": "sha512-j/VHsYYkRaEm78FFkiSsPOo2pOWB7IOFy+CRFkBZwic43YQ1A5zLlcmngKIAnIdS21eFZ6SI+3/bBHF9962tnw==",
      "requires": {
        "@polymer/polymer": "3.0.5",
        "@vaadin/vaadin-element-mixin": "2.1.2",
        "@vaadin/vaadin-lumo-styles": "1.2.0",
        "@vaadin/vaadin-material-styles": "1.2.0",
        "@vaadin/vaadin-overlay": "3.1.1",
        "@vaadin/vaadin-themable-mixin": "1.3.2"
      }
    },
    "@vaadin/vaadin-dropdown-menu": {
      "version": "1.1.0",
      "resolved": "https://registry.npmjs.org/@vaadin/vaadin-dropdown-menu/-/vaadin-dropdown-menu-1.1.0.tgz",
      "integrity": "sha512-Ft/O0MFDF83KFVwq3Z3kq6hzx+/yInVG5QjRFHtAkbRABSq5mygDWlQazidIuxt8q2mFabQ6f5WTXshajnLcGA==",
      "requires": {
        "@polymer/iron-media-query": "3.0.0-pre.25",
        "@polymer/polymer": "3.0.5",
        "@vaadin/vaadin-control-state-mixin": "2.1.1",
        "@vaadin/vaadin-element-mixin": "2.1.2",
        "@vaadin/vaadin-lumo-styles": "1.2.0",
        "@vaadin/vaadin-material-styles": "1.2.0",
        "@vaadin/vaadin-overlay": "3.1.1",
        "@vaadin/vaadin-text-field": "2.1.2",
        "@vaadin/vaadin-themable-mixin": "1.3.2"
      }
    },
    "@vaadin/vaadin-element-mixin": {
      "version": "2.1.2",
      "resolved": "https://registry.npmjs.org/@vaadin/vaadin-element-mixin/-/vaadin-element-mixin-2.1.2.tgz",
      "integrity": "sha512-ufYIyiesFoqqEla9CsuMfF1eLXzz0UNVRLTltEuNl01wX+O7Ujqpfp88lmI0VtwfAZ9eobSlXK0eQca1+2IDIg==",
      "requires": {
        "@polymer/polymer": "3.0.5",
        "@vaadin/vaadin-development-mode-detector": "2.0.0",
        "@vaadin/vaadin-usage-statistics": "2.0.1"
      }
    },
    "@vaadin/vaadin-form-layout": {
      "version": "2.1.0",
      "resolved": "https://registry.npmjs.org/@vaadin/vaadin-form-layout/-/vaadin-form-layout-2.1.0.tgz",
      "integrity": "sha512-R/uVw3yLSxbFzunrpB5Qy672PlBPpcUY+K8ChNrAr+BrAP9TMSS8O1xsRQANeXePiwjOR+ygcOXd4NjjHyJfUQ==",
      "requires": {
        "@polymer/iron-resizable-behavior": "3.0.0-pre.25",
        "@polymer/polymer": "3.0.5",
        "@vaadin/vaadin-element-mixin": "2.1.2",
        "@vaadin/vaadin-lumo-styles": "1.2.0",
        "@vaadin/vaadin-material-styles": "1.2.0",
        "@vaadin/vaadin-themable-mixin": "1.3.2"
      }
    },
    "@vaadin/vaadin-grid": {
      "version": "5.1.0",
      "resolved": "https://registry.npmjs.org/@vaadin/vaadin-grid/-/vaadin-grid-5.1.0.tgz",
      "integrity": "sha512-LxF1y19yOFChJUhxsU7FWfEvzYIEQDIvV/GsjTECZuEv8MTlC6WxF0oMHEOaJP9V6PSfKnmloASZ5RcjkNhbxw==",
      "requires": {
        "@polymer/iron-a11y-announcer": "3.0.0-pre.25",
        "@polymer/iron-a11y-keys-behavior": "3.0.0-pre.25",
        "@polymer/iron-resizable-behavior": "3.0.0-pre.25",
        "@polymer/iron-scroll-target-behavior": "3.0.0-pre.25",
        "@polymer/polymer": "3.0.5",
        "@vaadin/vaadin-checkbox": "2.2.1",
        "@vaadin/vaadin-element-mixin": "2.1.2",
        "@vaadin/vaadin-lumo-styles": "1.2.0",
        "@vaadin/vaadin-material-styles": "1.2.0",
        "@vaadin/vaadin-text-field": "2.1.2",
        "@vaadin/vaadin-themable-mixin": "1.3.2"
      }
    },
    "@vaadin/vaadin-item": {
      "version": "2.1.0",
      "resolved": "https://registry.npmjs.org/@vaadin/vaadin-item/-/vaadin-item-2.1.0.tgz",
      "integrity": "sha512-OgHDWghreIYbvCc9vaNcGteg796CO99N8NFfjqAsAF75cHKdwWfPLylrYZSebk/PCFdKCQauSQXXRVU3uqzyBg==",
      "requires": {
        "@polymer/polymer": "3.0.5",
        "@vaadin/vaadin-lumo-styles": "1.2.0",
        "@vaadin/vaadin-material-styles": "1.2.0",
        "@vaadin/vaadin-themable-mixin": "1.3.2"
      }
    },
    "@vaadin/vaadin-list-box": {
      "version": "1.1.0",
      "resolved": "https://registry.npmjs.org/@vaadin/vaadin-list-box/-/vaadin-list-box-1.1.0.tgz",
      "integrity": "sha512-IC+L6VH+155K8rOEWu9BL1tdfnvBWYFcJb0Kty/l5FLmlxUJ2HIhaMSghgtbOsv19stLGTiV9BTAboBszGQ+Hg==",
      "requires": {
        "@polymer/polymer": "3.0.5",
        "@vaadin/vaadin-element-mixin": "2.1.2",
        "@vaadin/vaadin-item": "2.1.0",
        "@vaadin/vaadin-list-mixin": "2.1.0",
        "@vaadin/vaadin-lumo-styles": "1.2.0",
        "@vaadin/vaadin-material-styles": "1.2.0",
        "@vaadin/vaadin-themable-mixin": "1.3.2"
      }
    },
    "@vaadin/vaadin-list-mixin": {
      "version": "2.1.0",
      "resolved": "https://registry.npmjs.org/@vaadin/vaadin-list-mixin/-/vaadin-list-mixin-2.1.0.tgz",
      "integrity": "sha512-++eOWyrYVVzudIJ3Y/F+WXECWE6DFw7QgakDqSZAgmfLZVV/Gtz9lR5eIIh4skhsGqKYafCv+M3exhFeB8f+nA==",
      "requires": {
        "@polymer/polymer": "3.0.5"
      }
    },
    "@vaadin/vaadin-lumo-styles": {
      "version": "1.2.0",
      "resolved": "https://registry.npmjs.org/@vaadin/vaadin-lumo-styles/-/vaadin-lumo-styles-1.2.0.tgz",
      "integrity": "sha512-7hGT+vvIiEc3k+LpGSRlghu+JhVwvne77Rb4e57BoD47M49h1y/MzE55b/x6lemwPCe9ID3hRuiK2L5qWu4vBQ==",
      "requires": {
        "@polymer/iron-icon": "3.0.0-pre.25",
        "@polymer/iron-iconset-svg": "3.0.0-pre.25",
        "@polymer/polymer": "3.0.5"
      }
    },
    "@vaadin/vaadin-material-styles": {
      "version": "1.2.0",
      "resolved": "https://registry.npmjs.org/@vaadin/vaadin-material-styles/-/vaadin-material-styles-1.2.0.tgz",
      "integrity": "sha512-H46YlNxrG+pvFqzYdVB+LM5PE4WpW38dwagHA13RNIHO52mpqZvaRz8U7YNJ+zjqoy9btz7jk7m9QSpgcNLy2w==",
      "requires": {
        "@polymer/polymer": "3.0.5"
      }
    },
    "@vaadin/vaadin-ordered-layout": {
      "version": "1.1.0",
      "resolved": "https://registry.npmjs.org/@vaadin/vaadin-ordered-layout/-/vaadin-ordered-layout-1.1.0.tgz",
      "integrity": "sha512-ln3dXms/JmKCYu4sTc/xANxF13V8S6A1f/0xKvohYOEU5fRvq7suc8SR7GesyfXouF40kbFJ49sqTquK9TP95A==",
      "requires": {
        "@polymer/polymer": "3.0.5",
        "@vaadin/vaadin-element-mixin": "2.1.2",
        "@vaadin/vaadin-lumo-styles": "1.2.0",
        "@vaadin/vaadin-material-styles": "1.2.0",
        "@vaadin/vaadin-themable-mixin": "1.3.2"
      }
    },
    "@vaadin/vaadin-overlay": {
      "version": "3.1.1",
      "resolved": "https://registry.npmjs.org/@vaadin/vaadin-overlay/-/vaadin-overlay-3.1.1.tgz",
      "integrity": "sha512-SY0JcQ7avXirKssVNwSjIIZbeP40cfFqmoDJ76dz82TXmka+2KHABFsp7lHvU3dDa+7jijHbBNC9aOTsdMPq7Q==",
      "requires": {
        "@polymer/iron-overlay-behavior": "3.0.0-pre.26",
        "@polymer/polymer": "3.0.5",
        "@vaadin/vaadin-lumo-styles": "1.2.0",
        "@vaadin/vaadin-material-styles": "1.2.0",
        "@vaadin/vaadin-themable-mixin": "1.3.2"
      }
    },
    "@vaadin/vaadin-text-field": {
      "version": "2.1.2",
      "resolved": "https://registry.npmjs.org/@vaadin/vaadin-text-field/-/vaadin-text-field-2.1.2.tgz",
      "integrity": "sha512-KnSgGvu8qLKvpmJs/Sxq/1U6/hVzDS9pz3Rc+h/OUlbC/eUtmhPh5feFcR+MULFS17NZSZgyiCdjgdlueeYIyg==",
      "requires": {
        "@polymer/polymer": "3.0.5",
        "@vaadin/vaadin-control-state-mixin": "2.1.1",
        "@vaadin/vaadin-element-mixin": "2.1.2",
        "@vaadin/vaadin-lumo-styles": "1.2.0",
        "@vaadin/vaadin-material-styles": "1.2.0",
        "@vaadin/vaadin-themable-mixin": "1.3.2"
      }
    },
    "@vaadin/vaadin-themable-mixin": {
      "version": "1.3.2",
      "resolved": "https://registry.npmjs.org/@vaadin/vaadin-themable-mixin/-/vaadin-themable-mixin-1.3.2.tgz",
      "integrity": "sha512-0GrdfVdkSgref5pFVoU6cgEX2an2piwZEolKQQy/NDy07JIrnjnZX4f/4ZwxsWU8RPhaifarOreWr76Ow/Oisw==",
      "requires": {
        "@polymer/polymer": "3.0.5"
      }
    },
    "@vaadin/vaadin-usage-statistics": {
      "version": "2.0.1",
      "resolved": "https://registry.npmjs.org/@vaadin/vaadin-usage-statistics/-/vaadin-usage-statistics-2.0.1.tgz",
      "integrity": "sha512-8CmbCXZo8Z343jQT3hMVIvdkjzK72r762/UyqjLD54ArjzadneoA+4U6mFGbnbHO7FZpDhc4BKZRb5KAt0ibGg==",
      "requires": {
        "@vaadin/vaadin-development-mode-detector": "2.0.0"
      }
    },
    "@webcomponents/shadycss": {
      "version": "1.5.0",
      "resolved": "https://registry.npmjs.org/@webcomponents/shadycss/-/shadycss-1.5.0.tgz",
      "integrity": "sha512-jNuC7alo3EfiqZPosCruJuMAaUI9qgiuGxFcFyPWjOpo4BP+vgC7hxpTzQYxbIWUgrqkn9lnfPup2hE9c/h/PQ=="
    },
    "@webcomponents/webcomponentsjs": {
      "version": "2.1.1",
      "resolved": "https://registry.npmjs.org/@webcomponents/webcomponentsjs/-/webcomponentsjs-2.1.1.tgz",
      "integrity": "sha512-CgXV1O94jruR0YVijA55bP4SQBRvRKDmByWce47vCZIJ3HPHOph0VtjpO5vYEUyZzfadqfjICBMkZOagTT9XQw=="
    },
    "ansi-regex": {
      "version": "2.1.1",
      "resolved": "https://registry.npmjs.org/ansi-regex/-/ansi-regex-2.1.1.tgz",
      "integrity": "sha1-w7M6te42DYbg5ijwRorn7yfWVN8="
    },
    "builtin-modules": {
      "version": "1.1.1",
      "resolved": "https://registry.npmjs.org/builtin-modules/-/builtin-modules-1.1.1.tgz",
      "integrity": "sha1-Jw8HbFpywC9bZaR9+Uxf46J4iS8="
    },
    "camelcase": {
      "version": "4.1.0",
      "resolved": "https://registry.npmjs.org/camelcase/-/camelcase-4.1.0.tgz",
      "integrity": "sha1-1UVjW+HjPFQmScaRc+Xeas+uNN0="
    },
    "can-promise": {
      "version": "0.0.1",
      "resolved": "https://registry.npmjs.org/can-promise/-/can-promise-0.0.1.tgz",
      "integrity": "sha512-gzVrHyyrvgt0YpDm7pn04MQt8gjh0ZAhN4ZDyCRtGl6YnuuK6b4aiUTD7G52r9l4YNmxfTtEscb92vxtAlL6XQ==",
      "requires": {
        "window-or-global": "1.0.1"
      }
    },
    "cliui": {
      "version": "3.2.0",
      "resolved": "https://registry.npmjs.org/cliui/-/cliui-3.2.0.tgz",
      "integrity": "sha1-EgYBU3qRbSmUD5NNo7SNWFo5IT0=",
      "requires": {
        "string-width": "1.0.2",
        "strip-ansi": "3.0.1",
        "wrap-ansi": "2.1.0"
      },
      "dependencies": {
        "string-width": {
          "version": "1.0.2",
          "resolved": "https://registry.npmjs.org/string-width/-/string-width-1.0.2.tgz",
          "integrity": "sha1-EYvfW4zcUaKn5w0hHgfisLmxB9M=",
          "requires": {
            "code-point-at": "1.1.0",
            "is-fullwidth-code-point": "1.0.0",
            "strip-ansi": "3.0.1"
          }
        }
      }
    },
    "code-point-at": {
      "version": "1.1.0",
      "resolved": "https://registry.npmjs.org/code-point-at/-/code-point-at-1.1.0.tgz",
      "integrity": "sha1-DQcLTQQ6W+ozovGkDi7bPZpMz3c="
    },
    "cross-spawn": {
      "version": "5.1.0",
      "resolved": "https://registry.npmjs.org/cross-spawn/-/cross-spawn-5.1.0.tgz",
      "integrity": "sha1-6L0O/uWPz/b4+UUQoKVUu/ojVEk=",
      "requires": {
        "lru-cache": "4.1.3",
        "shebang-command": "1.2.0",
        "which": "1.3.1"
      }
    },
    "decamelize": {
      "version": "1.2.0",
      "resolved": "https://registry.npmjs.org/decamelize/-/decamelize-1.2.0.tgz",
      "integrity": "sha1-9lNNFRSCabIDUue+4m9QH5oZEpA="
    },
    "dijkstrajs": {
      "version": "1.0.1",
      "resolved": "https://registry.npmjs.org/dijkstrajs/-/dijkstrajs-1.0.1.tgz",
      "integrity": "sha1-082BIh4+pAdCz83lVtTpnpjdxxs="
    },
    "error-ex": {
      "version": "1.3.2",
      "resolved": "https://registry.npmjs.org/error-ex/-/error-ex-1.3.2.tgz",
      "integrity": "sha512-7dFHNmqeFSEt2ZBsCriorKnn3Z2pj+fd9kmI6QoWw4//DL+icEBfc0U7qJCisqrTsKTjw4fNFy2pW9OqStD84g==",
      "requires": {
        "is-arrayish": "0.2.1"
      }
    },
    "execa": {
      "version": "0.7.0",
      "resolved": "https://registry.npmjs.org/execa/-/execa-0.7.0.tgz",
      "integrity": "sha1-lEvs00zEHuMqY6n68nrVpl/Fl3c=",
      "requires": {
        "cross-spawn": "5.1.0",
        "get-stream": "3.0.0",
        "is-stream": "1.1.0",
        "npm-run-path": "2.0.2",
        "p-finally": "1.0.0",
        "signal-exit": "3.0.2",
        "strip-eof": "1.0.0"
      }
    },
    "find-up": {
      "version": "2.1.0",
      "resolved": "https://registry.npmjs.org/find-up/-/find-up-2.1.0.tgz",
      "integrity": "sha1-RdG35QbHF93UgndaK3eSCjwMV6c=",
      "requires": {
        "locate-path": "2.0.0"
      }
    },
    "get-caller-file": {
      "version": "1.0.3",
      "resolved": "https://registry.npmjs.org/get-caller-file/-/get-caller-file-1.0.3.tgz",
      "integrity": "sha512-3t6rVToeoZfYSGd8YoLFR2DJkiQrIiUrGcjvFX2mDw3bn6k2OtwHN0TNCLbBO+w8qTvimhDkv+LSscbJY1vE6w=="
    },
    "get-stream": {
      "version": "3.0.0",
      "resolved": "https://registry.npmjs.org/get-stream/-/get-stream-3.0.0.tgz",
      "integrity": "sha1-jpQ9E1jcN1VQVOy+LtsFqhdO3hQ="
    },
    "graceful-fs": {
      "version": "4.1.11",
      "resolved": "https://registry.npmjs.org/graceful-fs/-/graceful-fs-4.1.11.tgz",
      "integrity": "sha1-Dovf5NHduIVNZOBOp8AOKgJuVlg="
    },
    "hosted-git-info": {
      "version": "2.7.1",
      "resolved": "https://registry.npmjs.org/hosted-git-info/-/hosted-git-info-2.7.1.tgz",
      "integrity": "sha512-7T/BxH19zbcCTa8XkMlbK5lTo1WtgkFi3GvdWEyNuc4Vex7/9Dqbnpsf4JMydcfj9HCg4zUWFTL3Za6lapg5/w=="
    },
    "invert-kv": {
      "version": "1.0.0",
      "resolved": "https://registry.npmjs.org/invert-kv/-/invert-kv-1.0.0.tgz",
      "integrity": "sha1-EEqOSqym09jNFXqO+L+rLXo//bY="
    },
    "is-arrayish": {
      "version": "0.2.1",
      "resolved": "https://registry.npmjs.org/is-arrayish/-/is-arrayish-0.2.1.tgz",
      "integrity": "sha1-d8mYQFJ6qOyxqLppe4BkWnqSap0="
    },
    "is-builtin-module": {
      "version": "1.0.0",
      "resolved": "https://registry.npmjs.org/is-builtin-module/-/is-builtin-module-1.0.0.tgz",
      "integrity": "sha1-VAVy0096wxGfj3bDDLwbHgN6/74=",
      "requires": {
        "builtin-modules": "1.1.1"
      }
    },
    "is-fullwidth-code-point": {
      "version": "1.0.0",
      "resolved": "https://registry.npmjs.org/is-fullwidth-code-point/-/is-fullwidth-code-point-1.0.0.tgz",
      "integrity": "sha1-754xOG8DGn8NZDr4L95QxFfvAMs=",
      "requires": {
        "number-is-nan": "1.0.1"
      }
    },
    "is-stream": {
      "version": "1.1.0",
      "resolved": "https://registry.npmjs.org/is-stream/-/is-stream-1.1.0.tgz",
      "integrity": "sha1-EtSj3U5o4Lec6428hBc66A2RykQ="
    },
    "isarray": {
      "version": "2.0.4",
      "resolved": "https://registry.npmjs.org/isarray/-/isarray-2.0.4.tgz",
      "integrity": "sha512-GMxXOiUirWg1xTKRipM0Ek07rX+ubx4nNVElTJdNLYmNO/2YrDkgJGw9CljXn+r4EWiDQg/8lsRdHyg2PJuUaA=="
    },
    "isexe": {
      "version": "2.0.0",
      "resolved": "https://registry.npmjs.org/isexe/-/isexe-2.0.0.tgz",
      "integrity": "sha1-6PvzdNxVb/iUehDcsFctYz8s+hA="
    },
    "js-tokens": {
      "version": "4.0.0",
      "resolved": "https://registry.npmjs.org/js-tokens/-/js-tokens-4.0.0.tgz",
      "integrity": "sha512-RdJUflcE3cUzKiMqQgsCu06FPu9UdIJO0beYbPhHN4k6apgJtifcoCtT9bcxOpYBtpD2kCM6Sbzg4CausW/PKQ=="
    },
    "lcid": {
      "version": "1.0.0",
      "resolved": "https://registry.npmjs.org/lcid/-/lcid-1.0.0.tgz",
      "integrity": "sha1-MIrMr6C8SDo4Z7S28rlQYlHRuDU=",
      "requires": {
        "invert-kv": "1.0.0"
      }
    },
    "lit-html": {
      "version": "0.10.2",
      "resolved": "https://registry.npmjs.org/lit-html/-/lit-html-0.10.2.tgz",
      "integrity": "sha512-ue0pIX3Fj5gUsNSozdRQIb1MAgNqFQsHgvHE/FU34xyu9NN/af3EISr7Bb+vP9YeLXIA4vLLOoYp2Z22dVYhww=="
    },
    "load-json-file": {
      "version": "2.0.0",
      "resolved": "https://registry.npmjs.org/load-json-file/-/load-json-file-2.0.0.tgz",
      "integrity": "sha1-eUfkIUmvgNaWy/eXvKq8/h/inKg=",
      "requires": {
        "graceful-fs": "4.1.11",
        "parse-json": "2.2.0",
        "pify": "2.3.0",
        "strip-bom": "3.0.0"
      }
    },
    "locate-path": {
      "version": "2.0.0",
      "resolved": "https://registry.npmjs.org/locate-path/-/locate-path-2.0.0.tgz",
      "integrity": "sha1-K1aLJl7slExtnA3pw9u7ygNUzY4=",
      "requires": {
        "p-locate": "2.0.0",
        "path-exists": "3.0.0"
      }
    },
    "loose-envify": {
      "version": "1.4.0",
      "resolved": "https://registry.npmjs.org/loose-envify/-/loose-envify-1.4.0.tgz",
      "integrity": "sha512-lyuxPGr/Wfhrlem2CL/UcnUc1zcqKAImBDzukY7Y5F/yQiNdko6+fRLevlw1HgMySw7f611UIY408EtxRSoK3Q==",
      "requires": {
        "js-tokens": "4.0.0"
      }
    },
    "lru-cache": {
      "version": "4.1.3",
      "resolved": "https://registry.npmjs.org/lru-cache/-/lru-cache-4.1.3.tgz",
      "integrity": "sha512-fFEhvcgzuIoJVUF8fYr5KR0YqxD238zgObTps31YdADwPPAp82a4M8TrckkWyx7ekNlf9aBcVn81cFwwXngrJA==",
      "requires": {
        "pseudomap": "1.0.2",
        "yallist": "2.1.2"
      }
    },
    "mem": {
      "version": "1.1.0",
      "resolved": "https://registry.npmjs.org/mem/-/mem-1.1.0.tgz",
      "integrity": "sha1-Xt1StIXKHZAP5kiVUFOZoN+kX3Y=",
      "requires": {
        "mimic-fn": "1.2.0"
      }
    },
    "mimic-fn": {
      "version": "1.2.0",
      "resolved": "https://registry.npmjs.org/mimic-fn/-/mimic-fn-1.2.0.tgz",
      "integrity": "sha512-jf84uxzwiuiIVKiOLpfYk7N46TSy8ubTonmneY9vrpHNAnp0QBt2BxWV9dO3/j+BoVAb+a5G6YDPW3M5HOdMWQ=="
    },
    "normalize-package-data": {
      "version": "2.4.0",
      "resolved": "https://registry.npmjs.org/normalize-package-data/-/normalize-package-data-2.4.0.tgz",
      "integrity": "sha512-9jjUFbTPfEy3R/ad/2oNbKtW9Hgovl5O1FvFWKkKblNXoN/Oou6+9+KKohPK13Yc3/TyunyWhJp6gvRNR/PPAw==",
      "requires": {
        "hosted-git-info": "2.7.1",
        "is-builtin-module": "1.0.0",
        "semver": "5.5.1",
        "validate-npm-package-license": "3.0.4"
      }
    },
    "npm-run-path": {
      "version": "2.0.2",
      "resolved": "https://registry.npmjs.org/npm-run-path/-/npm-run-path-2.0.2.tgz",
      "integrity": "sha1-NakjLfo11wZ7TLLd8jV7GHFTbF8=",
      "requires": {
        "path-key": "2.0.1"
      }
    },
    "number-is-nan": {
      "version": "1.0.1",
      "resolved": "https://registry.npmjs.org/number-is-nan/-/number-is-nan-1.0.1.tgz",
      "integrity": "sha1-CXtgK1NCKlIsGvuHkDGDNpQaAR0="
    },
    "os-locale": {
      "version": "2.1.0",
      "resolved": "https://registry.npmjs.org/os-locale/-/os-locale-2.1.0.tgz",
      "integrity": "sha512-3sslG3zJbEYcaC4YVAvDorjGxc7tv6KVATnLPZONiljsUncvihe9BQoVCEs0RZ1kmf4Hk9OBqlZfJZWI4GanKA==",
      "requires": {
        "execa": "0.7.0",
        "lcid": "1.0.0",
        "mem": "1.1.0"
      }
    },
    "p-finally": {
      "version": "1.0.0",
      "resolved": "https://registry.npmjs.org/p-finally/-/p-finally-1.0.0.tgz",
      "integrity": "sha1-P7z7FbiZpEEjs0ttzBi3JDNqLK4="
    },
    "p-limit": {
      "version": "1.3.0",
      "resolved": "https://registry.npmjs.org/p-limit/-/p-limit-1.3.0.tgz",
      "integrity": "sha512-vvcXsLAJ9Dr5rQOPk7toZQZJApBl2K4J6dANSsEuh6QI41JYcsS/qhTGa9ErIUUgK3WNQoJYvylxvjqmiqEA9Q==",
      "requires": {
        "p-try": "1.0.0"
      }
    },
    "p-locate": {
      "version": "2.0.0",
      "resolved": "https://registry.npmjs.org/p-locate/-/p-locate-2.0.0.tgz",
      "integrity": "sha1-IKAQOyIqcMj9OcwuWAaA893l7EM=",
      "requires": {
        "p-limit": "1.3.0"
      }
    },
    "p-try": {
      "version": "1.0.0",
      "resolved": "https://registry.npmjs.org/p-try/-/p-try-1.0.0.tgz",
      "integrity": "sha1-y8ec26+P1CKOE/Yh8rGiN8GyB7M="
    },
    "parse-json": {
      "version": "2.2.0",
      "resolved": "https://registry.npmjs.org/parse-json/-/parse-json-2.2.0.tgz",
      "integrity": "sha1-9ID0BDTvgHQfhGkJn43qGPVaTck=",
      "requires": {
        "error-ex": "1.3.2"
      }
    },
    "path-exists": {
      "version": "3.0.0",
      "resolved": "https://registry.npmjs.org/path-exists/-/path-exists-3.0.0.tgz",
      "integrity": "sha1-zg6+ql94yxiSXqfYENe1mwEP1RU="
    },
    "path-key": {
      "version": "2.0.1",
      "resolved": "https://registry.npmjs.org/path-key/-/path-key-2.0.1.tgz",
      "integrity": "sha1-QRyttXTFoUDTpLGRDUDYDMn0C0A="
    },
    "path-type": {
      "version": "2.0.0",
      "resolved": "https://registry.npmjs.org/path-type/-/path-type-2.0.0.tgz",
      "integrity": "sha1-8BLMuEFbcJb8LaoQVMPXI4lZTHM=",
      "requires": {
        "pify": "2.3.0"
      }
    },
    "pify": {
      "version": "2.3.0",
      "resolved": "https://registry.npmjs.org/pify/-/pify-2.3.0.tgz",
      "integrity": "sha1-7RQaasBDqEnqWISY59yosVMw6Qw="
    },
    "pngjs": {
      "version": "3.3.3",
      "resolved": "https://registry.npmjs.org/pngjs/-/pngjs-3.3.3.tgz",
      "integrity": "sha512-1n3Z4p3IOxArEs1VRXnZ/RXdfEniAUS9jb68g58FIXMNkPJeZd+Qh4Uq7/e0LVxAQGos1eIUrqrt4FpjdnEd+Q=="
    },
    "pseudomap": {
      "version": "1.0.2",
      "resolved": "https://registry.npmjs.org/pseudomap/-/pseudomap-1.0.2.tgz",
      "integrity": "sha1-8FKijacOYYkX7wqKw0wa5aaChrM="
    },
    "pwa-helpers": {
      "version": "0.8.3",
      "resolved": "https://registry.npmjs.org/pwa-helpers/-/pwa-helpers-0.8.3.tgz",
      "integrity": "sha512-pcrzxppVbqPZUUrXn4nR3sNcHTTx/Yw9RC+IPsNYb4jHfLI8TNEAsOL1uOxNo5Zpig6QApTDvuVUaDgW9gICIQ=="
    },
    "qrcode": {
      "version": "1.2.2",
      "resolved": "https://registry.npmjs.org/qrcode/-/qrcode-1.2.2.tgz",
      "integrity": "sha512-iHD3eGma3PMaIfvM+p6oaTZjz83PsEIJ5F4H3oqyfKbQM+kbWjJjHdnTRlzi9q0KoiJ9QFKfiNhkEAYOWTTDdw==",
      "requires": {
        "can-promise": "0.0.1",
        "dijkstrajs": "1.0.1",
        "isarray": "2.0.4",
        "pngjs": "3.3.3",
        "yargs": "8.0.2"
      }
    },
    "read-pkg": {
      "version": "2.0.0",
      "resolved": "https://registry.npmjs.org/read-pkg/-/read-pkg-2.0.0.tgz",
      "integrity": "sha1-jvHAYjxqbbDcZxPEv6xGMysjaPg=",
      "requires": {
        "load-json-file": "2.0.0",
        "normalize-package-data": "2.4.0",
        "path-type": "2.0.0"
      }
    },
    "read-pkg-up": {
      "version": "2.0.0",
      "resolved": "https://registry.npmjs.org/read-pkg-up/-/read-pkg-up-2.0.0.tgz",
      "integrity": "sha1-a3KoBImE4MQeeVEP1en6mbO1Sb4=",
      "requires": {
        "find-up": "2.1.0",
        "read-pkg": "2.0.0"
      }
    },
    "redux": {
      "version": "4.0.0",
      "resolved": "https://registry.npmjs.org/redux/-/redux-4.0.0.tgz",
      "integrity": "sha512-NnnHF0h0WVE/hXyrB6OlX67LYRuaf/rJcbWvnHHEPCF/Xa/AZpwhs/20WyqzQae5x4SD2F9nPObgBh2rxAgLiA==",
      "requires": {
        "loose-envify": "1.4.0",
        "symbol-observable": "1.2.0"
      }
    },
    "redux-thunk": {
      "version": "2.3.0",
      "resolved": "https://registry.npmjs.org/redux-thunk/-/redux-thunk-2.3.0.tgz",
      "integrity": "sha512-km6dclyFnmcvxhAcrQV2AkZmPQjzPDjgVlQtR0EQjxZPyJ0BnMf3in1ryuR8A2qU0HldVRfxYXbFSKlI3N7Slw=="
    },
    "require-directory": {
      "version": "2.1.1",
      "resolved": "https://registry.npmjs.org/require-directory/-/require-directory-2.1.1.tgz",
      "integrity": "sha1-jGStX9MNqxyXbiNE/+f3kqam30I="
    },
    "require-main-filename": {
      "version": "1.0.1",
      "resolved": "https://registry.npmjs.org/require-main-filename/-/require-main-filename-1.0.1.tgz",
      "integrity": "sha1-l/cXtp1IeE9fUmpsWqj/3aBVpNE="
    },
    "reselect": {
      "version": "3.0.1",
      "resolved": "https://registry.npmjs.org/reselect/-/reselect-3.0.1.tgz",
      "integrity": "sha1-79qpjqdFEyTQkrKyFjpqHXqaIUc="
    },
    "semver": {
      "version": "5.5.1",
      "resolved": "https://registry.npmjs.org/semver/-/semver-5.5.1.tgz",
      "integrity": "sha512-PqpAxfrEhlSUWge8dwIp4tZnQ25DIOthpiaHNIthsjEFQD6EvqUKUDM7L8O2rShkFccYo1VjJR0coWfNkCubRw=="
    },
    "set-blocking": {
      "version": "2.0.0",
      "resolved": "https://registry.npmjs.org/set-blocking/-/set-blocking-2.0.0.tgz",
      "integrity": "sha1-BF+XgtARrppoA93TgrJDkrPYkPc="
    },
    "shebang-command": {
      "version": "1.2.0",
      "resolved": "https://registry.npmjs.org/shebang-command/-/shebang-command-1.2.0.tgz",
      "integrity": "sha1-RKrGW2lbAzmJaMOfNj/uXer98eo=",
      "requires": {
        "shebang-regex": "1.0.0"
      }
    },
    "shebang-regex": {
      "version": "1.0.0",
      "resolved": "https://registry.npmjs.org/shebang-regex/-/shebang-regex-1.0.0.tgz",
      "integrity": "sha1-2kL0l0DAtC2yypcoVxyxkMmO/qM="
    },
    "signal-exit": {
      "version": "3.0.2",
      "resolved": "https://registry.npmjs.org/signal-exit/-/signal-exit-3.0.2.tgz",
      "integrity": "sha1-tf3AjxKH6hF4Yo5BXiUTK3NkbG0="
    },
    "spdx-correct": {
      "version": "3.0.0",
      "resolved": "https://registry.npmjs.org/spdx-correct/-/spdx-correct-3.0.0.tgz",
      "integrity": "sha512-N19o9z5cEyc8yQQPukRCZ9EUmb4HUpnrmaL/fxS2pBo2jbfcFRVuFZ/oFC+vZz0MNNk0h80iMn5/S6qGZOL5+g==",
      "requires": {
        "spdx-expression-parse": "3.0.0",
        "spdx-license-ids": "3.0.0"
      }
    },
    "spdx-exceptions": {
      "version": "2.1.0",
      "resolved": "https://registry.npmjs.org/spdx-exceptions/-/spdx-exceptions-2.1.0.tgz",
      "integrity": "sha512-4K1NsmrlCU1JJgUrtgEeTVyfx8VaYea9J9LvARxhbHtVtohPs/gFGG5yy49beySjlIMhhXZ4QqujIZEfS4l6Cg=="
    },
    "spdx-expression-parse": {
      "version": "3.0.0",
      "resolved": "https://registry.npmjs.org/spdx-expression-parse/-/spdx-expression-parse-3.0.0.tgz",
      "integrity": "sha512-Yg6D3XpRD4kkOmTpdgbUiEJFKghJH03fiC1OPll5h/0sO6neh2jqRDVHOQ4o/LMea0tgCkbMgea5ip/e+MkWyg==",
      "requires": {
        "spdx-exceptions": "2.1.0",
        "spdx-license-ids": "3.0.0"
      }
    },
    "spdx-license-ids": {
      "version": "3.0.0",
      "resolved": "https://registry.npmjs.org/spdx-license-ids/-/spdx-license-ids-3.0.0.tgz",
      "integrity": "sha512-2+EPwgbnmOIl8HjGBXXMd9NAu02vLjOO1nWw4kmeRDFyHn+M/ETfHxQUK0oXg8ctgVnl9t3rosNVsZ1jG61nDA=="
    },
    "string-width": {
      "version": "2.1.1",
      "resolved": "https://registry.npmjs.org/string-width/-/string-width-2.1.1.tgz",
      "integrity": "sha512-nOqH59deCq9SRHlxq1Aw85Jnt4w6KvLKqWVik6oA9ZklXLNIOlqg4F2yrT1MVaTjAqvVwdfeZ7w7aCvJD7ugkw==",
      "requires": {
        "is-fullwidth-code-point": "2.0.0",
        "strip-ansi": "4.0.0"
      },
      "dependencies": {
        "ansi-regex": {
          "version": "3.0.0",
          "resolved": "https://registry.npmjs.org/ansi-regex/-/ansi-regex-3.0.0.tgz",
          "integrity": "sha1-7QMXwyIGT3lGbAKWa922Bas32Zg="
        },
        "is-fullwidth-code-point": {
          "version": "2.0.0",
          "resolved": "https://registry.npmjs.org/is-fullwidth-code-point/-/is-fullwidth-code-point-2.0.0.tgz",
          "integrity": "sha1-o7MKXE8ZkYMWeqq5O+764937ZU8="
        },
        "strip-ansi": {
          "version": "4.0.0",
          "resolved": "https://registry.npmjs.org/strip-ansi/-/strip-ansi-4.0.0.tgz",
          "integrity": "sha1-qEeQIusaw2iocTibY1JixQXuNo8=",
          "requires": {
            "ansi-regex": "3.0.0"
          }
        }
      }
    },
    "strip-ansi": {
      "version": "3.0.1",
      "resolved": "https://registry.npmjs.org/strip-ansi/-/strip-ansi-3.0.1.tgz",
      "integrity": "sha1-ajhfuIU9lS1f8F0Oiq+UJ43GPc8=",
      "requires": {
        "ansi-regex": "2.1.1"
      }
    },
    "strip-bom": {
      "version": "3.0.0",
      "resolved": "https://registry.npmjs.org/strip-bom/-/strip-bom-3.0.0.tgz",
      "integrity": "sha1-IzTBjpx1n3vdVv3vfprj1YjmjtM="
    },
    "strip-eof": {
      "version": "1.0.0",
      "resolved": "https://registry.npmjs.org/strip-eof/-/strip-eof-1.0.0.tgz",
      "integrity": "sha1-u0P/VZim6wXYm1n80SnJgzE2Br8="
    },
    "symbol-observable": {
      "version": "1.2.0",
      "resolved": "https://registry.npmjs.org/symbol-observable/-/symbol-observable-1.2.0.tgz",
      "integrity": "sha512-e900nM8RRtGhlV36KGEU9k65K3mPb1WV70OdjfxlG2EAuM1noi/E/BaW/uMhL7bPEssK8QV57vN3esixjUvcXQ=="
    },
    "validate-npm-package-license": {
      "version": "3.0.4",
      "resolved": "https://registry.npmjs.org/validate-npm-package-license/-/validate-npm-package-license-3.0.4.tgz",
      "integrity": "sha512-DpKm2Ui/xN7/HQKCtpZxoRWBhZ9Z0kqtygG8XCgNQ8ZlDnxuQmWhj566j8fN4Cu3/JmbhsDo7fcAJq4s9h27Ew==",
      "requires": {
        "spdx-correct": "3.0.0",
        "spdx-expression-parse": "3.0.0"
      }
    },
    "which": {
      "version": "1.3.1",
      "resolved": "https://registry.npmjs.org/which/-/which-1.3.1.tgz",
      "integrity": "sha512-HxJdYWq1MTIQbJ3nw0cqssHoTNU267KlrDuGZ1WYlxDStUtKUhOaJmh112/TZmHxxUfuJqPXSOm7tDyas0OSIQ==",
      "requires": {
        "isexe": "2.0.0"
      }
    },
    "which-module": {
      "version": "2.0.0",
      "resolved": "https://registry.npmjs.org/which-module/-/which-module-2.0.0.tgz",
      "integrity": "sha1-2e8H3Od7mQK4o6j6SzHD4/fm6Ho="
    },
    "window-or-global": {
      "version": "1.0.1",
      "resolved": "https://registry.npmjs.org/window-or-global/-/window-or-global-1.0.1.tgz",
      "integrity": "sha1-2+RboqKRqrxW1iz2bEW3+jIpRt4="
    },
    "wrap-ansi": {
      "version": "2.1.0",
      "resolved": "http://registry.npmjs.org/wrap-ansi/-/wrap-ansi-2.1.0.tgz",
      "integrity": "sha1-2Pw9KE3QV5T+hJc8rs3Rz4JP3YU=",
      "requires": {
        "string-width": "1.0.2",
        "strip-ansi": "3.0.1"
      },
      "dependencies": {
        "string-width": {
          "version": "1.0.2",
          "resolved": "https://registry.npmjs.org/string-width/-/string-width-1.0.2.tgz",
          "integrity": "sha1-EYvfW4zcUaKn5w0hHgfisLmxB9M=",
          "requires": {
            "code-point-at": "1.1.0",
            "is-fullwidth-code-point": "1.0.0",
            "strip-ansi": "3.0.1"
          }
        }
      }
    },
    "y18n": {
      "version": "3.2.1",
      "resolved": "https://registry.npmjs.org/y18n/-/y18n-3.2.1.tgz",
      "integrity": "sha1-bRX7qITAhnnA136I53WegR4H+kE="
    },
    "yallist": {
      "version": "2.1.2",
      "resolved": "https://registry.npmjs.org/yallist/-/yallist-2.1.2.tgz",
      "integrity": "sha1-HBH5IY8HYImkfdUS+TxmmaaoHVI="
    },
    "yargs": {
      "version": "8.0.2",
      "resolved": "https://registry.npmjs.org/yargs/-/yargs-8.0.2.tgz",
      "integrity": "sha1-YpmpBVsc78lp/355wdkY3Osiw2A=",
      "requires": {
        "camelcase": "4.1.0",
        "cliui": "3.2.0",
        "decamelize": "1.2.0",
        "get-caller-file": "1.0.3",
        "os-locale": "2.1.0",
        "read-pkg-up": "2.0.0",
        "require-directory": "2.1.1",
        "require-main-filename": "1.0.1",
        "set-blocking": "2.0.0",
        "string-width": "2.1.1",
        "which-module": "2.0.0",
        "y18n": "3.2.1",
        "yargs-parser": "7.0.0"
      }
    },
    "yargs-parser": {
      "version": "7.0.0",
      "resolved": "https://registry.npmjs.org/yargs-parser/-/yargs-parser-7.0.0.tgz",
      "integrity": "sha1-jQrELxbqVd69MyyvTEA4s+P139k=",
      "requires": {
        "camelcase": "4.1.0"
      }
    }
  }
}
